
Microsoft Visual Studio Solution File, Format Version 12.00
# Visual Studio Version 17
VisualStudioVersion = 17.4.33205.214
MinimumVisualStudioVersion = 10.0.40219.1
Project("{8BC9CEB8-8B4A-11D0-8D11-00A0C91BC942}") = "gen_smtc", "gen_smtc.vcxproj", "{6947E452-7A5E-4623-804A-146C8448C160}"
EndProject
Project("{2150E333-8FDC-42A3-9474-1A3956D46DE8}") = "Solution Items", "Solution Items", "{16B54A09-6505-4D73-86C5-8ED94ED95EE8}"
	ProjectSection(SolutionItems) = preProject
		.gitignore = .gitignore
		LICENSE = LICENSE
		README.md = README.md
	EndProjectSection
EndProject
Global
	GlobalSection(SolutionConfigurationPlatforms) = preSolution
		Debug|x86 = Debug|x86
		Release|x86 = Release|x86
	EndGlobalSection
	GlobalSection(ProjectConfigurationPlatforms) = postSolution
		{6947E452-7A5E-4623-804A-146C8448C160}.Debug|x86.ActiveCfg = Debug|Win32
		{6947E452-7A5E-4623-804A-146C8448C160}.Debug|x86.Build.0 = Debug|Win32
		{6947E452-7A5E-4623-804A-146C8448C160}.Release|x86.ActiveCfg = Release|Win32
		{6947E452-7A5E-4623-804A-146C8448C160}.Release|x86.Build.0 = Release|Win32
	EndGlobalSection
	GlobalSection(SolutionProperties) = preSolution
		HideSolutionNode = FALSE
	EndGlobalSection
	GlobalSection(ExtensibilityGlobals) = postSolution
		SolutionGuid = {60844025-799F-46A2-B7E6-F22411449442}
	EndGlobalSection
EndGlobal
